
Microsoft Visual Studio Solution File, Format Version 12.00
# Visual Studio Version 17
VisualStudioVersion = 17.3.32922.545
MinimumVisualStudioVersion = 10.0.40219.1
Project("{9A19103F-16F7-4668-BE54-9A1E7A4F7556}") = "MVC_01", "MVC_01\MVC_01.csproj", "{670F940F-3721-4BF3-AD44-2330A56E2652}"
EndProject
Project("{9A19103F-16F7-4668-BE54-9A1E7A4F7556}") = "Core", "Core\Core.csproj", "{0173F0F8-5059-44BF-B364-92AAE97EE50F}"
EndProject
Project("{2150E333-8FDC-42A3-9474-1A3956D46DE8}") = "Intro", "Intro", "{54CAE323-D3E7-439F-B61E-1B7FA6E2982C}"
EndProject
Project("{9A19103F-16F7-4668-BE54-9A1E7A4F7556}") = "WebAPI_01", "WebAPI_01\WebAPI_01.csproj", "{EC381EF4-AABF-4CC7-9136-A886F78FFAF6}"
EndProject
Project("{9A19103F-16F7-4668-BE54-9A1E7A4F7556}") = "Grpc_01", "Grpc_01\Grpc_01.csproj", "{ED16C494-D744-46ED-B8B9-58EF94909F29}"
EndProject
Project("{2150E333-8FDC-42A3-9474-1A3956D46DE8}") = "IntroExercise", "IntroExercise", "{C6E522F3-6409-4219-9F77-5796C19BB046}"
EndProject
Project("{9A19103F-16F7-4668-BE54-9A1E7A4F7556}") = "MvcDemo", "MvcDemo\MvcDemo.csproj", "{46CB2A72-767C-41EF-BA21-38B58C1FE6B2}"
EndProject
Project("{9A19103F-16F7-4668-BE54-9A1E7A4F7556}") = "ChatApp", "ChatApp\ChatApp.csproj", "{B91BDBB6-213D-4D07-B959-03952A0C0332}"
EndProject
Project("{9A19103F-16F7-4668-BE54-9A1E7A4F7556}") = "TextSplitter", "TextSplitter\TextSplitter.csproj", "{80BF7749-917F-474C-890F-04451C7C0798}"
EndProject
Project("{2150E333-8FDC-42A3-9474-1A3956D46DE8}") = "EfCore Exercise", "EfCore Exercise", "{AB47149F-B93C-42F4-B848-43EB6DDEAB7F}"
EndProject
Project("{9A19103F-16F7-4668-BE54-9A1E7A4F7556}") = "ForumApp", "ForumApp\ForumApp.csproj", "{C0E7334F-D960-473F-95FD-9633C00A0289}"
EndProject
Project("{2150E333-8FDC-42A3-9474-1A3956D46DE8}") = "Identity Exercise", "Identity Exercise", "{1134A7FF-4C2C-4894-8810-8BB7368CBD94}"
EndProject
Project("{9A19103F-16F7-4668-BE54-9A1E7A4F7556}") = "TaskBoardApp01", "TaskBoardApp01\TaskBoardApp01.csproj", "{90BDF7DC-49FC-4A98-891C-E6EECF89C87C}"
EndProject
Project("{2150E333-8FDC-42A3-9474-1A3956D46DE8}") = "ExamPrep", "ExamPrep", "{1F81B438-CA2F-40FE-80F9-E3A35D923550}"
EndProject
Global
	GlobalSection(SolutionConfigurationPlatforms) = preSolution
		Debug|Any CPU = Debug|Any CPU
		Release|Any CPU = Release|Any CPU
	EndGlobalSection
	GlobalSection(ProjectConfigurationPlatforms) = postSolution
		{670F940F-3721-4BF3-AD44-2330A56E2652}.Debug|Any CPU.ActiveCfg = Debug|Any CPU
		{670F940F-3721-4BF3-AD44-2330A56E2652}.Debug|Any CPU.Build.0 = Debug|Any CPU
		{670F940F-3721-4BF3-AD44-2330A56E2652}.Release|Any CPU.ActiveCfg = Release|Any CPU
		{670F940F-3721-4BF3-AD44-2330A56E2652}.Release|Any CPU.Build.0 = Release|Any CPU
		{0173F0F8-5059-44BF-B364-92AAE97EE50F}.Debug|Any CPU.ActiveCfg = Debug|Any CPU
		{0173F0F8-5059-44BF-B364-92AAE97EE50F}.Debug|Any CPU.Build.0 = Debug|Any CPU
		{0173F0F8-5059-44BF-B364-92AAE97EE50F}.Release|Any CPU.ActiveCfg = Release|Any CPU
		{0173F0F8-5059-44BF-B364-92AAE97EE50F}.Release|Any CPU.Build.0 = Release|Any CPU
		{EC381EF4-AABF-4CC7-9136-A886F78FFAF6}.Debug|Any CPU.ActiveCfg = Debug|Any CPU
		{EC381EF4-AABF-4CC7-9136-A886F78FFAF6}.Debug|Any CPU.Build.0 = Debug|Any CPU
		{EC381EF4-AABF-4CC7-9136-A886F78FFAF6}.Release|Any CPU.ActiveCfg = Release|Any CPU
		{EC381EF4-AABF-4CC7-9136-A886F78FFAF6}.Release|Any CPU.Build.0 = Release|Any CPU
		{ED16C494-D744-46ED-B8B9-58EF94909F29}.Debug|Any CPU.ActiveCfg = Debug|Any CPU
		{ED16C494-D744-46ED-B8B9-58EF94909F29}.Debug|Any CPU.Build.0 = Debug|Any CPU
		{ED16C494-D744-46ED-B8B9-58EF94909F29}.Release|Any CPU.ActiveCfg = Release|Any CPU
		{ED16C494-D744-46ED-B8B9-58EF94909F29}.Release|Any CPU.Build.0 = Release|Any CPU
		{46CB2A72-767C-41EF-BA21-38B58C1FE6B2}.Debug|Any CPU.ActiveCfg = Debug|Any CPU
		{46CB2A72-767C-41EF-BA21-38B58C1FE6B2}.Debug|Any CPU.Build.0 = Debug|Any CPU
		{46CB2A72-767C-41EF-BA21-38B58C1FE6B2}.Release|Any CPU.ActiveCfg = Release|Any CPU
		{46CB2A72-767C-41EF-BA21-38B58C1FE6B2}.Release|Any CPU.Build.0 = Release|Any CPU
		{B91BDBB6-213D-4D07-B959-03952A0C0332}.Debug|Any CPU.ActiveCfg = Debug|Any CPU
		{B91BDBB6-213D-4D07-B959-03952A0C0332}.Debug|Any CPU.Build.0 = Debug|Any CPU
		{B91BDBB6-213D-4D07-B959-03952A0C0332}.Release|Any CPU.ActiveCfg = Release|Any CPU
		{B91BDBB6-213D-4D07-B959-03952A0C0332}.Release|Any CPU.Build.0 = Release|Any CPU
		{80BF7749-917F-474C-890F-04451C7C0798}.Debug|Any CPU.ActiveCfg = Debug|Any CPU
		{80BF7749-917F-474C-890F-04451C7C0798}.Debug|Any CPU.Build.0 = Debug|Any CPU
		{80BF7749-917F-474C-890F-04451C7C0798}.Release|Any CPU.ActiveCfg = Release|Any CPU
		{80BF7749-917F-474C-890F-04451C7C0798}.Release|Any CPU.Build.0 = Release|Any CPU
		{C0E7334F-D960-473F-95FD-9633C00A0289}.Debug|Any CPU.ActiveCfg = Debug|Any CPU
		{C0E7334F-D960-473F-95FD-9633C00A0289}.Debug|Any CPU.Build.0 = Debug|Any CPU
		{C0E7334F-D960-473F-95FD-9633C00A0289}.Release|Any CPU.ActiveCfg = Release|Any CPU
		{C0E7334F-D960-473F-95FD-9633C00A0289}.Release|Any CPU.Build.0 = Release|Any CPU
		{90BDF7DC-49FC-4A98-891C-E6EECF89C87C}.Debug|Any CPU.ActiveCfg = Debug|Any CPU
		{90BDF7DC-49FC-4A98-891C-E6EECF89C87C}.Debug|Any CPU.Build.0 = Debug|Any CPU
		{90BDF7DC-49FC-4A98-891C-E6EECF89C87C}.Release|Any CPU.ActiveCfg = Release|Any CPU
		{90BDF7DC-49FC-4A98-891C-E6EECF89C87C}.Release|Any CPU.Build.0 = Release|Any CPU
	EndGlobalSection
	GlobalSection(SolutionProperties) = preSolution
		HideSolutionNode = FALSE
	EndGlobalSection
	GlobalSection(NestedProjects) = preSolution
		{670F940F-3721-4BF3-AD44-2330A56E2652} = {54CAE323-D3E7-439F-B61E-1B7FA6E2982C}
		{0173F0F8-5059-44BF-B364-92AAE97EE50F} = {54CAE323-D3E7-439F-B61E-1B7FA6E2982C}
		{EC381EF4-AABF-4CC7-9136-A886F78FFAF6} = {54CAE323-D3E7-439F-B61E-1B7FA6E2982C}
		{ED16C494-D744-46ED-B8B9-58EF94909F29} = {54CAE323-D3E7-439F-B61E-1B7FA6E2982C}
		{46CB2A72-767C-41EF-BA21-38B58C1FE6B2} = {C6E522F3-6409-4219-9F77-5796C19BB046}
		{B91BDBB6-213D-4D07-B959-03952A0C0332} = {C6E522F3-6409-4219-9F77-5796C19BB046}
		{80BF7749-917F-474C-890F-04451C7C0798} = {C6E522F3-6409-4219-9F77-5796C19BB046}
		{C0E7334F-D960-473F-95FD-9633C00A0289} = {AB47149F-B93C-42F4-B848-43EB6DDEAB7F}
		{90BDF7DC-49FC-4A98-891C-E6EECF89C87C} = {1134A7FF-4C2C-4894-8810-8BB7368CBD94}
	EndGlobalSection
	GlobalSection(ExtensibilityGlobals) = postSolution
		SolutionGuid = {2F68F097-4B29-4F07-A7EC-4B292C4090A1}
	EndGlobalSection
EndGlobal
